
Microsoft Visual Studio Solution File, Format Version 12.00
# Visual Studio Version 17
VisualStudioVersion = 17.5.33414.496
MinimumVisualStudioVersion = 10.0.40219.1
Project("{FAE04EC0-301F-11D3-BF4B-00C04F79EFBC}") = "ConsoleApp_123tarde", "ConsoleApp_123tarde\ConsoleApp_123tarde.csproj", "{C8618AA0-B71B-4752-8C9C-FA8FC073EE24}"
EndProject
Global
	GlobalSection(SolutionConfigurationPlatforms) = preSolution
		Debug|Any CPU = Debug|Any CPU
		Release|Any CPU = Release|Any CPU
	EndGlobalSection
	GlobalSection(ProjectConfigurationPlatforms) = postSolution
		{C8618AA0-B71B-4752-8C9C-FA8FC073EE24}.Debug|Any CPU.ActiveCfg = Debug|Any CPU
		{C8618AA0-B71B-4752-8C9C-FA8FC073EE24}.Debug|Any CPU.Build.0 = Debug|Any CPU
		{C8618AA0-B71B-4752-8C9C-FA8FC073EE24}.Release|Any CPU.ActiveCfg = Release|Any CPU
		{C8618AA0-B71B-4752-8C9C-FA8FC073EE24}.Release|Any CPU.Build.0 = Release|Any CPU
	EndGlobalSection
	GlobalSection(SolutionProperties) = preSolution
		HideSolutionNode = FALSE
	EndGlobalSection
	GlobalSection(ExtensibilityGlobals) = postSolution
		SolutionGuid = {22CFF7BC-3AC4-4FC0-B372-616F9916FF51}
	EndGlobalSection
EndGlobal
